// !$*UTF8*$!
{
	archiveVersion = 1;
	classes = {
	};
	objectVersion = 56;
	objects = {

/* Begin PBXBuildFile section */
		041E7A932A264A2C00ADE8E7 /* FoodOrderyApp.swift in Sources */ = {isa = PBXBuildFile; fileRef = 041E7A922A264A2C00ADE8E7 /* FoodOrderyApp.swift */; };
		041E7A952A264A2C00ADE8E7 /* ContentView.swift in Sources */ = {isa = PBXBuildFile; fileRef = 041E7A942A264A2C00ADE8E7 /* ContentView.swift */; };
		041E7A972A264A2E00ADE8E7 /* Assets.xcassets in Resources */ = {isa = PBXBuildFile; fileRef = 041E7A962A264A2E00ADE8E7 /* Assets.xcassets */; };
		041E7A9B2A264A2E00ADE8E7 /* Preview Assets.xcassets in Resources */ = {isa = PBXBuildFile; fileRef = 041E7A9A2A264A2E00ADE8E7 /* Preview Assets.xcassets */; };
		041E7AA52A26502200ADE8E7 /* PaymentHandler.swift in Sources */ = {isa = PBXBuildFile; fileRef = 041E7AA42A26502200ADE8E7 /* PaymentHandler.swift */; };
		041E7AA72A26506C00ADE8E7 /* CartManager.swift in Sources */ = {isa = PBXBuildFile; fileRef = 041E7AA62A26506C00ADE8E7 /* CartManager.swift */; };
		041E7AA92A26509F00ADE8E7 /* CartView.swift in Sources */ = {isa = PBXBuildFile; fileRef = 041E7AA82A26509F00ADE8E7 /* CartView.swift */; };
		041E7AAB2A2650C400ADE8E7 /* ProductCard.swift in Sources */ = {isa = PBXBuildFile; fileRef = 041E7AAA2A2650C400ADE8E7 /* ProductCard.swift */; };
		041E7AAD2A2650DB00ADE8E7 /* CardButton.swift in Sources */ = {isa = PBXBuildFile; fileRef = 041E7AAC2A2650DB00ADE8E7 /* CardButton.swift */; };
		041E7AAF2A2650EF00ADE8E7 /* ProductRow.swift in Sources */ = {isa = PBXBuildFile; fileRef = 041E7AAE2A2650EF00ADE8E7 /* ProductRow.swift */; };
		041E7AB12A2650FD00ADE8E7 /* PaymentButton.swift in Sources */ = {isa = PBXBuildFile; fileRef = 041E7AB02A2650FD00ADE8E7 /* PaymentButton.swift */; };
		041E7AB32A26516300ADE8E7 /* Product.swift in Sources */ = {isa = PBXBuildFile; fileRef = 041E7AB22A26516300ADE8E7 /* Product.swift */; };
/* End PBXBuildFile section */

/* Begin PBXFileReference section */
		041E7A8F2A264A2C00ADE8E7 /* FoodOrdery.app */ = {isa = PBXFileReference; explicitFileType = wrapper.application; includeInIndex = 0; path = FoodOrdery.app; sourceTree = BUILT_PRODUCTS_DIR; };
		041E7A922A264A2C00ADE8E7 /* FoodOrderyApp.swift */ = {isa = PBXFileReference; lastKnownFileType = sourcecode.swift; path = FoodOrderyApp.swift; sourceTree = "<group>"; };
		041E7A942A264A2C00ADE8E7 /* ContentView.swift */ = {isa = PBXFileReference; lastKnownFileType = sourcecode.swift; path = ContentView.swift; sourceTree = "<group>"; };
		041E7A962A264A2E00ADE8E7 /* Assets.xcassets */ = {isa = PBXFileReference; lastKnownFileType = folder.assetcatalog; path = Assets.xcassets; sourceTree = "<group>"; };
		041E7A982A264A2E00ADE8E7 /* FoodOrdery.entitlements */ = {isa = PBXFileReference; lastKnownFileType = text.plist.entitlements; path = FoodOrdery.entitlements; sourceTree = "<group>"; };
		041E7A9A2A264A2E00ADE8E7 /* Preview Assets.xcassets */ = {isa = PBXFileReference; lastKnownFileType = folder.assetcatalog; path = "Preview Assets.xcassets"; sourceTree = "<group>"; };
		041E7AA42A26502200ADE8E7 /* PaymentHandler.swift */ = {isa = PBXFileReference; lastKnownFileType = sourcecode.swift; path = PaymentHandler.swift; sourceTree = "<group>"; };
		041E7AA62A26506C00ADE8E7 /* CartManager.swift */ = {isa = PBXFileReference; lastKnownFileType = sourcecode.swift; path = CartManager.swift; sourceTree = "<group>"; };
		041E7AA82A26509F00ADE8E7 /* CartView.swift */ = {isa = PBXFileReference; lastKnownFileType = sourcecode.swift; path = CartView.swift; sourceTree = "<group>"; };
		041E7AAA2A2650C400ADE8E7 /* ProductCard.swift */ = {isa = PBXFileReference; lastKnownFileType = sourcecode.swift; path = ProductCard.swift; sourceTree = "<group>"; };
		041E7AAC2A2650DB00ADE8E7 /* CardButton.swift */ = {isa = PBXFileReference; lastKnownFileType = sourcecode.swift; path = CardButton.swift; sourceTree = "<group>"; };
		041E7AAE2A2650EF00ADE8E7 /* ProductRow.swift */ = {isa = PBXFileReference; lastKnownFileType = sourcecode.swift; path = ProductRow.swift; sourceTree = "<group>"; };
		041E7AB02A2650FD00ADE8E7 /* PaymentButton.swift */ = {isa = PBXFileReference; lastKnownFileType = sourcecode.swift; path = PaymentButton.swift; sourceTree = "<group>"; };
		041E7AB22A26516300ADE8E7 /* Product.swift */ = {isa = PBXFileReference; lastKnownFileType = sourcecode.swift; path = Product.swift; sourceTree = "<group>"; };
/* End PBXFileReference section */

/* Begin PBXFrameworksBuildPhase section */
		041E7A8C2A264A2C00ADE8E7 /* Frameworks */ = {
			isa = PBXFrameworksBuildPhase;
			buildActionMask = 2147483647;
			files = (
			);
			runOnlyForDeploymentPostprocessing = 0;
		};
/* End PBXFrameworksBuildPhase section */

/* Begin PBXGroup section */
		041E7A862A264A2C00ADE8E7 = {
			isa = PBXGroup;
			children = (
				041E7AA32A264FD000ADE8E7 /* Model */,
				041E7AA22A264FC300ADE8E7 /* Components */,
				041E7AA12A264FB500ADE8E7 /* Views */,
				041E7A912A264A2C00ADE8E7 /* FoodOrdery */,
				041E7A902A264A2C00ADE8E7 /* Products */,
			);
			sourceTree = "<group>";
		};
		041E7A902A264A2C00ADE8E7 /* Products */ = {
			isa = PBXGroup;
			children = (
				041E7A8F2A264A2C00ADE8E7 /* FoodOrdery.app */,
			);
			name = Products;
			sourceTree = "<group>";
		};
		041E7A912A264A2C00ADE8E7 /* FoodOrdery */ = {
			isa = PBXGroup;
			children = (
				041E7AA62A26506C00ADE8E7 /* CartManager.swift */,
				041E7AA42A26502200ADE8E7 /* PaymentHandler.swift */,
				041E7A982A264A2E00ADE8E7 /* FoodOrdery.entitlements */,
				041E7A922A264A2C00ADE8E7 /* FoodOrderyApp.swift */,
				041E7A992A264A2E00ADE8E7 /* Preview Content */,
			);
			path = FoodOrdery;
			sourceTree = "<group>";
		};
		041E7A992A264A2E00ADE8E7 /* Preview Content */ = {
			isa = PBXGroup;
			children = (
				041E7A9A2A264A2E00ADE8E7 /* Preview Assets.xcassets */,
			);
			path = "Preview Content";
			sourceTree = "<group>";
		};
		041E7AA12A264FB500ADE8E7 /* Views */ = {
			isa = PBXGroup;
			children = (
				041E7A942A264A2C00ADE8E7 /* ContentView.swift */,
				041E7AA82A26509F00ADE8E7 /* CartView.swift */,
			);
			path = Views;
			sourceTree = "<group>";
		};
		041E7AA22A264FC300ADE8E7 /* Components */ = {
			isa = PBXGroup;
			children = (
				041E7AAA2A2650C400ADE8E7 /* ProductCard.swift */,
				041E7AAC2A2650DB00ADE8E7 /* CardButton.swift */,
				041E7AAE2A2650EF00ADE8E7 /* ProductRow.swift */,
				041E7AB02A2650FD00ADE8E7 /* PaymentButton.swift */,
			);
			path = Components;
			sourceTree = "<group>";
		};
		041E7AA32A264FD000ADE8E7 /* Model */ = {
			isa = PBXGroup;
			children = (
				041E7A962A264A2E00ADE8E7 /* Assets.xcassets */,
				041E7AB22A26516300ADE8E7 /* Product.swift */,
			);
			path = Model;
			sourceTree = "<group>";
		};
/* End PBXGroup section */

/* Begin PBXNativeTarget section */
		041E7A8E2A264A2C00ADE8E7 /* FoodOrdery */ = {
			isa = PBXNativeTarget;
			buildConfigurationList = 041E7A9E2A264A2E00ADE8E7 /* Build configuration list for PBXNativeTarget "FoodOrdery" */;
			buildPhases = (
				041E7A8B2A264A2C00ADE8E7 /* Sources */,
				041E7A8C2A264A2C00ADE8E7 /* Frameworks */,
				041E7A8D2A264A2C00ADE8E7 /* Resources */,
			);
			buildRules = (
			);
			dependencies = (
			);
			name = FoodOrdery;
			productName = FoodOrdery;
			productReference = 041E7A8F2A264A2C00ADE8E7 /* FoodOrdery.app */;
			productType = "com.apple.product-type.application";
		};
/* End PBXNativeTarget section */

/* Begin PBXProject section */
		041E7A872A264A2C00ADE8E7 /* Project object */ = {
			isa = PBXProject;
			attributes = {
				BuildIndependentTargetsInParallel = 1;
				LastSwiftUpdateCheck = 1420;
				LastUpgradeCheck = 1420;
				TargetAttributes = {
					041E7A8E2A264A2C00ADE8E7 = {
						CreatedOnToolsVersion = 14.2;
					};
				};
			};
			buildConfigurationList = 041E7A8A2A264A2C00ADE8E7 /* Build configuration list for PBXProject "FoodOrdery" */;
			compatibilityVersion = "Xcode 14.0";
			developmentRegion = en;
			hasScannedForEncodings = 0;
			knownRegions = (
				en,
				Base,
			);
			mainGroup = 041E7A862A264A2C00ADE8E7;
			productRefGroup = 041E7A902A264A2C00ADE8E7 /* Products */;
			projectDirPath = "";
			projectRoot = "";
			targets = (
				041E7A8E2A264A2C00ADE8E7 /* FoodOrdery */,
			);
		};
/* End PBXProject section */

/* Begin PBXResourcesBuildPhase section */
		041E7A8D2A264A2C00ADE8E7 /* Resources */ = {
			isa = PBXResourcesBuildPhase;
			buildActionMask = 2147483647;
			files = (
				041E7A9B2A264A2E00ADE8E7 /* Preview Assets.xcassets in Resources */,
				041E7A972A264A2E00ADE8E7 /* Assets.xcassets in Resources */,
			);
			runOnlyForDeploymentPostprocessing = 0;
		};
/* End PBXResourcesBuildPhase section */

/* Begin PBXSourcesBuildPhase section */
		041E7A8B2A264A2C00ADE8E7 /* Sources */ = {
			isa = PBXSourcesBuildPhase;
			buildActionMask = 2147483647;
			files = (
				041E7AB12A2650FD00ADE8E7 /* PaymentButton.swift in Sources */,
				041E7AA92A26509F00ADE8E7 /* CartView.swift in Sources */,
				041E7A952A264A2C00ADE8E7 /* ContentView.swift in Sources */,
				041E7AAD2A2650DB00ADE8E7 /* CardButton.swift in Sources */,
				041E7AA72A26506C00ADE8E7 /* CartManager.swift in Sources */,
				041E7AAF2A2650EF00ADE8E7 /* ProductRow.swift in Sources */,
				041E7AA52A26502200ADE8E7 /* PaymentHandler.swift in Sources */,
				041E7AB32A26516300ADE8E7 /* Product.swift in Sources */,
				041E7A932A264A2C00ADE8E7 /* FoodOrderyApp.swift in Sources */,
				041E7AAB2A2650C400ADE8E7 /* ProductCard.swift in Sources */,
			);
			runOnlyForDeploymentPostprocessing = 0;
		};
/* End PBXSourcesBuildPhase section */

/* Begin XCBuildConfiguration section */
		041E7A9C2A264A2E00ADE8E7 /* Debug */ = {
			isa = XCBuildConfiguration;
			buildSettings = {
				ALWAYS_SEARCH_USER_PATHS = NO;
				CLANG_ANALYZER_NONNULL = YES;
				CLANG_ANALYZER_NUMBER_OBJECT_CONVERSION = YES_AGGRESSIVE;
				CLANG_CXX_LANGUAGE_STANDARD = "gnu++20";
				CLANG_ENABLE_MODULES = YES;
				CLANG_ENABLE_OBJC_ARC = YES;
				CLANG_ENABLE_OBJC_WEAK = YES;
				CLANG_WARN_BLOCK_CAPTURE_AUTORELEASING = YES;
				CLANG_WARN_BOOL_CONVERSION = YES;
				CLANG_WARN_COMMA = YES;
				CLANG_WARN_CONSTANT_CONVERSION = YES;
				CLANG_WARN_DEPRECATED_OBJC_IMPLEMENTATIONS = YES;
				CLANG_WARN_DIRECT_OBJC_ISA_USAGE = YES_ERROR;
				CLANG_WARN_DOCUMENTATION_COMMENTS = YES;
				CLANG_WARN_EMPTY_BODY = YES;
				CLANG_WARN_ENUM_CONVERSION = YES;
				CLANG_WARN_INFINITE_RECURSION = YES;
				CLANG_WARN_INT_CONVERSION = YES;
				CLANG_WARN_NON_LITERAL_NULL_CONVERSION = YES;
				CLANG_WARN_OBJC_IMPLICIT_RETAIN_SELF = YES;
				CLANG_WARN_OBJC_LITERAL_CONVERSION = YES;
				CLANG_WARN_OBJC_ROOT_CLASS = YES_ERROR;
				CLANG_WARN_QUOTED_INCLUDE_IN_FRAMEWORK_HEADER = YES;
				CLANG_WARN_RANGE_LOOP_ANALYSIS = YES;
				CLANG_WARN_STRICT_PROTOTYPES = YES;
				CLANG_WARN_SUSPICIOUS_MOVE = YES;
				CLANG_WARN_UNGUARDED_AVAILABILITY = YES_AGGRESSIVE;
				CLANG_WARN_UNREACHABLE_CODE = YES;
				CLANG_WARN__DUPLICATE_METHOD_MATCH = YES;
				COPY_PHASE_STRIP = NO;
				DEBUG_INFORMATION_FORMAT = dwarf;
				ENABLE_STRICT_OBJC_MSGSEND = YES;
				ENABLE_TESTABILITY = YES;
				GCC_C_LANGUAGE_STANDARD = gnu11;
				GCC_DYNAMIC_NO_PIC = NO;
				GCC_NO_COMMON_BLOCKS = YES;
				GCC_OPTIMIZATION_LEVEL = 0;
				GCC_PREPROCESSOR_DEFINITIONS = (
					"DEBUG=1",
					"$(inherited)",
				);
				GCC_WARN_64_TO_32_BIT_CONVERSION = YES;
				GCC_WARN_ABOUT_RETURN_TYPE = YES_ERROR;
				GCC_WARN_UNDECLARED_SELECTOR = YES;
				GCC_WARN_UNINITIALIZED_AUTOS = YES_AGGRESSIVE;
				GCC_WARN_UNUSED_FUNCTION = YES;
				GCC_WARN_UNUSED_VARIABLE = YES;
				MTL_ENABLE_DEBUG_INFO = INCLUDE_SOURCE;
				MTL_FAST_MATH = YES;
				ONLY_ACTIVE_ARCH = YES;
				SWIFT_ACTIVE_COMPILATION_CONDITIONS = DEBUG;
				SWIFT_OPTIMIZATION_LEVEL = "-Onone";
			};
			name = Debug;
		};
		041E7A9D2A264A2E00ADE8E7 /* Release */ = {
			isa = XCBuildConfiguration;
			buildSettings = {
				ALWAYS_SEARCH_USER_PATHS = NO;
				CLANG_ANALYZER_NONNULL = YES;
				CLANG_ANALYZER_NUMBER_OBJECT_CONVERSION = YES_AGGRESSIVE;
				CLANG_CXX_LANGUAGE_STANDARD = "gnu++20";
				CLANG_ENABLE_MODULES = YES;
				CLANG_ENABLE_OBJC_ARC = YES;
				CLANG_ENABLE_OBJC_WEAK = YES;
				CLANG_WARN_BLOCK_CAPTURE_AUTORELEASING = YES;
				CLANG_WARN_BOOL_CONVERSION = YES;
				CLANG_WARN_COMMA = YES;
				CLANG_WARN_CONSTANT_CONVERSION = YES;
				CLANG_WARN_DEPRECATED_OBJC_IMPLEMENTATIONS = YES;
				CLANG_WARN_DIRECT_OBJC_ISA_USAGE = YES_ERROR;
				CLANG_WARN_DOCUMENTATION_COMMENTS = YES;
				CLANG_WARN_EMPTY_BODY = YES;
				CLANG_WARN_ENUM_CONVERSION = YES;
				CLANG_WARN_INFINITE_RECURSION = YES;
				CLANG_WARN_INT_CONVERSION = YES;
				CLANG_WARN_NON_LITERAL_NULL_CONVERSION = YES;
				CLANG_WARN_OBJC_IMPLICIT_RETAIN_SELF = YES;
				CLANG_WARN_OBJC_LITERAL_CONVERSION = YES;
				CLANG_WARN_OBJC_ROOT_CLASS = YES_ERROR;
				CLANG_WARN_QUOTED_INCLUDE_IN_FRAMEWORK_HEADER = YES;
				CLANG_WARN_RANGE_LOOP_ANALYSIS = YES;
				CLANG_WARN_STRICT_PROTOTYPES = YES;
				CLANG_WARN_SUSPICIOUS_MOVE = YES;
				CLANG_WARN_UNGUARDED_AVAILABILITY = YES_AGGRESSIVE;
				CLANG_WARN_UNREACHABLE_CODE = YES;
				CLANG_WARN__DUPLICATE_METHOD_MATCH = YES;
				COPY_PHASE_STRIP = NO;
				DEBUG_INFORMATION_FORMAT = "dwarf-with-dsym";
				ENABLE_NS_ASSERTIONS = NO;
				ENABLE_STRICT_OBJC_MSGSEND = YES;
				GCC_C_LANGUAGE_STANDARD = gnu11;
				GCC_NO_COMMON_BLOCKS = YES;
				GCC_WARN_64_TO_32_BIT_CONVERSION = YES;
				GCC_WARN_ABOUT_RETURN_TYPE = YES_ERROR;
				GCC_WARN_UNDECLARED_SELECTOR = YES;
				GCC_WARN_UNINITIALIZED_AUTOS = YES_AGGRESSIVE;
				GCC_WARN_UNUSED_FUNCTION = YES;
				GCC_WARN_UNUSED_VARIABLE = YES;
				MTL_ENABLE_DEBUG_INFO = NO;
				MTL_FAST_MATH = YES;
				SWIFT_COMPILATION_MODE = wholemodule;
				SWIFT_OPTIMIZATION_LEVEL = "-O";
			};
			name = Release;
		};
		041E7A9F2A264A2E00ADE8E7 /* Debug */ = {
			isa = XCBuildConfiguration;
			buildSettings = {
				ASSETCATALOG_COMPILER_APPICON_NAME = AppIcon;
				ASSETCATALOG_COMPILER_GLOBAL_ACCENT_COLOR_NAME = AccentColor;
				CODE_SIGN_ENTITLEMENTS = FoodOrdery/FoodOrdery.entitlements;
				CODE_SIGN_STYLE = Automatic;
				CURRENT_PROJECT_VERSION = 1;
				DEVELOPMENT_ASSET_PATHS = "\"FoodOrdery/Preview Content\"";
				DEVELOPMENT_TEAM = J2KB3M7382;
				ENABLE_HARDENED_RUNTIME = YES;
				ENABLE_PREVIEWS = YES;
				GENERATE_INFOPLIST_FILE = YES;
				"INFOPLIST_KEY_UIApplicationSceneManifest_Generation[sdk=iphoneos*]" = YES;
				"INFOPLIST_KEY_UIApplicationSceneManifest_Generation[sdk=iphonesimulator*]" = YES;
				"INFOPLIST_KEY_UIApplicationSupportsIndirectInputEvents[sdk=iphoneos*]" = YES;
				"INFOPLIST_KEY_UIApplicationSupportsIndirectInputEvents[sdk=iphonesimulator*]" = YES;
				"INFOPLIST_KEY_UILaunchScreen_Generation[sdk=iphoneos*]" = YES;
				"INFOPLIST_KEY_UILaunchScreen_Generation[sdk=iphonesimulator*]" = YES;
				"INFOPLIST_KEY_UIStatusBarStyle[sdk=iphoneos*]" = UIStatusBarStyleDefault;
				"INFOPLIST_KEY_UIStatusBarStyle[sdk=iphonesimulator*]" = UIStatusBarStyleDefault;
				INFOPLIST_KEY_UISupportedInterfaceOrientations_iPad = "UIInterfaceOrientationPortrait UIInterfaceOrientationPortraitUpsideDown UIInterfaceOrientationLandscapeLeft UIInterfaceOrientationLandscapeRight";
				INFOPLIST_KEY_UISupportedInterfaceOrientations_iPhone = "UIInterfaceOrientationPortrait UIInterfaceOrientationLandscapeLeft UIInterfaceOrientationLandscapeRight";
				IPHONEOS_DEPLOYMENT_TARGET = 16.2;
				LD_RUNPATH_SEARCH_PATHS = "@executable_path/Frameworks";
				"LD_RUNPATH_SEARCH_PATHS[sdk=macosx*]" = "@executable_path/../Frameworks";
				MACOSX_DEPLOYMENT_TARGET = 13.1;
				MARKETING_VERSION = 1.0;
				PRODUCT_BUNDLE_IDENTIFIER = com.kathlyne.FoodOrdery;
				PRODUCT_NAME = "$(TARGET_NAME)";
				SDKROOT = auto;
				SUPPORTED_PLATFORMS = "iphoneos iphonesimulator macosx";
				SWIFT_EMIT_LOC_STRINGS = YES;
				SWIFT_VERSION = 5.0;
				TARGETED_DEVICE_FAMILY = "1,2";
			};
			name = Debug;
		};
		041E7AA02A264A2E00ADE8E7 /* Release */ = {
			isa = XCBuildConfiguration;
			buildSettings = {
				ASSETCATALOG_COMPILER_APPICON_NAME = AppIcon;
				ASSETCATALOG_COMPILER_GLOBAL_ACCENT_COLOR_NAME = AccentColor;
				CODE_SIGN_ENTITLEMENTS = FoodOrdery/FoodOrdery.entitlements;
				CODE_SIGN_STYLE = Automatic;
				CURRENT_PROJECT_VERSION = 1;
				DEVELOPMENT_ASSET_PATHS = "\"FoodOrdery/Preview Content\"";
				DEVELOPMENT_TEAM = J2KB3M7382;
				ENABLE_HARDENED_RUNTIME = YES;
				ENABLE_PREVIEWS = YES;
				GENERATE_INFOPLIST_FILE = YES;
				"INFOPLIST_KEY_UIApplicationSceneManifest_Generation[sdk=iphoneos*]" = YES;
				"INFOPLIST_KEY_UIApplicationSceneManifest_Generation[sdk=iphonesimulator*]" = YES;
				"INFOPLIST_KEY_UIApplicationSupportsIndirectInputEvents[sdk=iphoneos*]" = YES;
				"INFOPLIST_KEY_UIApplicationSupportsIndirectInputEvents[sdk=iphonesimulator*]" = YES;
				"INFOPLIST_KEY_UILaunchScreen_Generation[sdk=iphoneos*]" = YES;
				"INFOPLIST_KEY_UILaunchScreen_Generation[sdk=iphonesimulator*]" = YES;
				"INFOPLIST_KEY_UIStatusBarStyle[sdk=iphoneos*]" = UIStatusBarStyleDefault;
				"INFOPLIST_KEY_UIStatusBarStyle[sdk=iphonesimulator*]" = UIStatusBarStyleDefault;
				INFOPLIST_KEY_UISupportedInterfaceOrientations_iPad = "UIInterfaceOrientationPortrait UIInterfaceOrientationPortraitUpsideDown UIInterfaceOrientationLandscapeLeft UIInterfaceOrientationLandscapeRight";
				INFOPLIST_KEY_UISupportedInterfaceOrientations_iPhone = "UIInterfaceOrientationPortrait UIInterfaceOrientationLandscapeLeft UIInterfaceOrientationLandscapeRight";
				IPHONEOS_DEPLOYMENT_TARGET = 16.2;
				LD_RUNPATH_SEARCH_PATHS = "@executable_path/Frameworks";
				"LD_RUNPATH_SEARCH_PATHS[sdk=macosx*]" = "@executable_path/../Frameworks";
				MACOSX_DEPLOYMENT_TARGET = 13.1;
				MARKETING_VERSION = 1.0;
				PRODUCT_BUNDLE_IDENTIFIER = com.kathlyne.FoodOrdery;
				PRODUCT_NAME = "$(TARGET_NAME)";
				SDKROOT = auto;
				SUPPORTED_PLATFORMS = "iphoneos iphonesimulator macosx";
				SWIFT_EMIT_LOC_STRINGS = YES;
				SWIFT_VERSION = 5.0;
				TARGETED_DEVICE_FAMILY = "1,2";
			};
			name = Release;
		};
/* End XCBuildConfiguration section */

/* Begin XCConfigurationList section */
		041E7A8A2A264A2C00ADE8E7 /* Build configuration list for PBXProject "FoodOrdery" */ = {
			isa = XCConfigurationList;
			buildConfigurations = (
				041E7A9C2A264A2E00ADE8E7 /* Debug */,
				041E7A9D2A264A2E00ADE8E7 /* Release */,
			);
			defaultConfigurationIsVisible = 0;
			defaultConfigurationName = Release;
		};
		041E7A9E2A264A2E00ADE8E7 /* Build configuration list for PBXNativeTarget "FoodOrdery" */ = {
			isa = XCConfigurationList;
			buildConfigurations = (
				041E7A9F2A264A2E00ADE8E7 /* Debug */,
				041E7AA02A264A2E00ADE8E7 /* Release */,
			);
			defaultConfigurationIsVisible = 0;
			defaultConfigurationName = Release;
		};
/* End XCConfigurationList section */
	};
	rootObject = 041E7A872A264A2C00ADE8E7 /* Project object */;
}
